
Microsoft Visual Studio Solution File, Format Version 12.00
# Visual Studio 15
VisualStudioVersion = 15.0.27130.2010
MinimumVisualStudioVersion = 10.0.40219.1
Project("{FAE04EC0-301F-11D3-BF4B-00C04F79EFBC}") = "TSP Genetic algorithm", "TSP Genetic algorithm\TSP Genetic algorithm.csproj", "{BDC88249-5554-4474-A54D-0C387548FFC4}"
EndProject
Global
	GlobalSection(SolutionConfigurationPlatforms) = preSolution
		Debug|Any CPU = Debug|Any CPU
		Release|Any CPU = Release|Any CPU
	EndGlobalSection
	GlobalSection(ProjectConfigurationPlatforms) = postSolution
		{BDC88249-5554-4474-A54D-0C387548FFC4}.Debug|Any CPU.ActiveCfg = Debug|Any CPU
		{BDC88249-5554-4474-A54D-0C387548FFC4}.Debug|Any CPU.Build.0 = Debug|Any CPU
		{BDC88249-5554-4474-A54D-0C387548FFC4}.Release|Any CPU.ActiveCfg = Release|Any CPU
		{BDC88249-5554-4474-A54D-0C387548FFC4}.Release|Any CPU.Build.0 = Release|Any CPU
	EndGlobalSection
	GlobalSection(SolutionProperties) = preSolution
		HideSolutionNode = FALSE
	EndGlobalSection
	GlobalSection(ExtensibilityGlobals) = postSolution
		SolutionGuid = {570D5E58-31D7-43E3-B9F7-CFAE44373E72}
	EndGlobalSection
EndGlobal
